// !$*UTF8*$!
{
	archiveVersion = 1;
	classes = {
	};
	objectVersion = 55;
	objects = {

/* Begin PBXBuildFile section */
		DF1E9680286FA53B0026DD51 /* FirestoreManager.swift in Sources */ = {isa = PBXBuildFile; fileRef = DF1E967F286FA53B0026DD51 /* FirestoreManager.swift */; };
		DF1E9681286FA53B0026DD51 /* FirestoreManager.swift in Sources */ = {isa = PBXBuildFile; fileRef = DF1E967F286FA53B0026DD51 /* FirestoreManager.swift */; };
		DF1E9682286FA53B0026DD51 /* FirestoreManager.swift in Sources */ = {isa = PBXBuildFile; fileRef = DF1E967F286FA53B0026DD51 /* FirestoreManager.swift */; };
		DF1E9685286FB0F00026DD51 /* FirebaseFirestore in Frameworks */ = {isa = PBXBuildFile; productRef = DF1E9684286FB0F00026DD51 /* FirebaseFirestore */; };
		DF1E9687286FB0F00026DD51 /* FirebaseFirestoreSwift in Frameworks */ = {isa = PBXBuildFile; productRef = DF1E9686286FB0F00026DD51 /* FirebaseFirestoreSwift */; };
		DF1E9689286FC6B30026DD51 /* Ticket.swift in Sources */ = {isa = PBXBuildFile; fileRef = DF1E9688286FC6B30026DD51 /* Ticket.swift */; };
		DF1E968A286FC6B30026DD51 /* Ticket.swift in Sources */ = {isa = PBXBuildFile; fileRef = DF1E9688286FC6B30026DD51 /* Ticket.swift */; };
		DF1E968B286FC6B30026DD51 /* Ticket.swift in Sources */ = {isa = PBXBuildFile; fileRef = DF1E9688286FC6B30026DD51 /* Ticket.swift */; };
		DF1E968D286FF2EB0026DD51 /* TicketRowView.swift in Sources */ = {isa = PBXBuildFile; fileRef = DF1E968C286FF2EB0026DD51 /* TicketRowView.swift */; };
		DF1E968E286FF2EB0026DD51 /* TicketRowView.swift in Sources */ = {isa = PBXBuildFile; fileRef = DF1E968C286FF2EB0026DD51 /* TicketRowView.swift */; };
		DF1E968F286FF2EB0026DD51 /* TicketRowView.swift in Sources */ = {isa = PBXBuildFile; fileRef = DF1E968C286FF2EB0026DD51 /* TicketRowView.swift */; };
		DF1E9695286FFDAA0026DD51 /* TicketsView.swift in Sources */ = {isa = PBXBuildFile; fileRef = DF1E9694286FFDAA0026DD51 /* TicketsView.swift */; };
		DF1E9696286FFDAA0026DD51 /* TicketsView.swift in Sources */ = {isa = PBXBuildFile; fileRef = DF1E9694286FFDAA0026DD51 /* TicketsView.swift */; };
		DF1E9697286FFDAA0026DD51 /* TicketsView.swift in Sources */ = {isa = PBXBuildFile; fileRef = DF1E9694286FFDAA0026DD51 /* TicketsView.swift */; };
		DF5DCB58286F604C00D3D2E5 /* RunnerApp.swift in Sources */ = {isa = PBXBuildFile; fileRef = DF5DCB57286F604C00D3D2E5 /* RunnerApp.swift */; };
		DF5DCB5A286F604C00D3D2E5 /* AppView.swift in Sources */ = {isa = PBXBuildFile; fileRef = DF5DCB59286F604C00D3D2E5 /* AppView.swift */; };
		DF5DCB5C286F604C00D3D2E5 /* Assets.xcassets in Resources */ = {isa = PBXBuildFile; fileRef = DF5DCB5B286F604C00D3D2E5 /* Assets.xcassets */; };
		DF5DCB5F286F604C00D3D2E5 /* Preview Assets.xcassets in Resources */ = {isa = PBXBuildFile; fileRef = DF5DCB5E286F604C00D3D2E5 /* Preview Assets.xcassets */; };
		DF5DCB69286F604C00D3D2E5 /* RunnerTests.swift in Sources */ = {isa = PBXBuildFile; fileRef = DF5DCB68286F604C00D3D2E5 /* RunnerTests.swift */; };
		DF5DCB73286F604C00D3D2E5 /* RunnerUITests.swift in Sources */ = {isa = PBXBuildFile; fileRef = DF5DCB72286F604C00D3D2E5 /* RunnerUITests.swift */; };
		DF5DCB75286F604C00D3D2E5 /* RunnerUITestsLaunchTests.swift in Sources */ = {isa = PBXBuildFile; fileRef = DF5DCB74286F604C00D3D2E5 /* RunnerUITestsLaunchTests.swift */; };
		DF5DCB82286F610600D3D2E5 /* SignInView.swift in Sources */ = {isa = PBXBuildFile; fileRef = DF5DCB81286F610600D3D2E5 /* SignInView.swift */; };
		DF5DCB8D286F644A00D3D2E5 /* FirebaseAnalytics in Frameworks */ = {isa = PBXBuildFile; productRef = DF5DCB8C286F644A00D3D2E5 /* FirebaseAnalytics */; };
		DF5DCB8F286F644A00D3D2E5 /* FirebaseAuth in Frameworks */ = {isa = PBXBuildFile; productRef = DF5DCB8E286F644A00D3D2E5 /* FirebaseAuth */; };
		DF5DCB91286F758300D3D2E5 /* RegisterView.swift in Sources */ = {isa = PBXBuildFile; fileRef = DF5DCB90286F758300D3D2E5 /* RegisterView.swift */; };
		DF5DCB92286F758300D3D2E5 /* RegisterView.swift in Sources */ = {isa = PBXBuildFile; fileRef = DF5DCB90286F758300D3D2E5 /* RegisterView.swift */; };
		DF5DCB93286F758300D3D2E5 /* RegisterView.swift in Sources */ = {isa = PBXBuildFile; fileRef = DF5DCB90286F758300D3D2E5 /* RegisterView.swift */; };
		DF5DCB99286F7EC800D3D2E5 /* GoogleService-Info.plist in Resources */ = {isa = PBXBuildFile; fileRef = DF5DCB98286F7EC800D3D2E5 /* GoogleService-Info.plist */; };
		DF5DCB9A286F7EC800D3D2E5 /* GoogleService-Info.plist in Resources */ = {isa = PBXBuildFile; fileRef = DF5DCB98286F7EC800D3D2E5 /* GoogleService-Info.plist */; };
		DF5DCB9B286F7EC800D3D2E5 /* GoogleService-Info.plist in Resources */ = {isa = PBXBuildFile; fileRef = DF5DCB98286F7EC800D3D2E5 /* GoogleService-Info.plist */; };
		DF68578A287257C600A83FCD /* TicketRowViewModel.swift in Sources */ = {isa = PBXBuildFile; fileRef = DF685789287257C600A83FCD /* TicketRowViewModel.swift */; };
		DFDCDAB228703C8000C31B6F /* TicketsViewModel.swift in Sources */ = {isa = PBXBuildFile; fileRef = DFDCDAB128703C8000C31B6F /* TicketsViewModel.swift */; };
		DFDCDAB428704ABA00C31B6F /* NewTicketView.swift in Sources */ = {isa = PBXBuildFile; fileRef = DFDCDAB328704ABA00C31B6F /* NewTicketView.swift */; };
		DFDCDAB728704F3300C31B6F /* NewTicketViewModel.swift in Sources */ = {isa = PBXBuildFile; fileRef = DFDCDAB628704F3300C31B6F /* NewTicketViewModel.swift */; };
		DFDCDAB9287065DE00C31B6F /* SignInViewModel.swift in Sources */ = {isa = PBXBuildFile; fileRef = DFDCDAB8287065DE00C31B6F /* SignInViewModel.swift */; };
		DFDCDABB2870694000C31B6F /* AppViewModel.swift in Sources */ = {isa = PBXBuildFile; fileRef = DFDCDABA2870694000C31B6F /* AppViewModel.swift */; };
/* End PBXBuildFile section */

/* Begin PBXContainerItemProxy section */
		DF5DCB65286F604C00D3D2E5 /* PBXContainerItemProxy */ = {
			isa = PBXContainerItemProxy;
			containerPortal = DF5DCB4C286F604C00D3D2E5 /* Project object */;
			proxyType = 1;
			remoteGlobalIDString = DF5DCB53286F604C00D3D2E5;
			remoteInfo = Runner;
		};
		DF5DCB6F286F604C00D3D2E5 /* PBXContainerItemProxy */ = {
			isa = PBXContainerItemProxy;
			containerPortal = DF5DCB4C286F604C00D3D2E5 /* Project object */;
			proxyType = 1;
			remoteGlobalIDString = DF5DCB53286F604C00D3D2E5;
			remoteInfo = Runner;
		};
/* End PBXContainerItemProxy section */

/* Begin PBXFileReference section */
		DF1E967F286FA53B0026DD51 /* FirestoreManager.swift */ = {isa = PBXFileReference; lastKnownFileType = sourcecode.swift; path = FirestoreManager.swift; sourceTree = "<group>"; };
		DF1E9688286FC6B30026DD51 /* Ticket.swift */ = {isa = PBXFileReference; lastKnownFileType = sourcecode.swift; path = Ticket.swift; sourceTree = "<group>"; };
		DF1E968C286FF2EB0026DD51 /* TicketRowView.swift */ = {isa = PBXFileReference; lastKnownFileType = sourcecode.swift; path = TicketRowView.swift; sourceTree = "<group>"; };
		DF1E9694286FFDAA0026DD51 /* TicketsView.swift */ = {isa = PBXFileReference; lastKnownFileType = sourcecode.swift; path = TicketsView.swift; sourceTree = "<group>"; };
		DF5DCB54286F604C00D3D2E5 /* Runner.app */ = {isa = PBXFileReference; explicitFileType = wrapper.application; includeInIndex = 0; path = Runner.app; sourceTree = BUILT_PRODUCTS_DIR; };
		DF5DCB57286F604C00D3D2E5 /* RunnerApp.swift */ = {isa = PBXFileReference; lastKnownFileType = sourcecode.swift; path = RunnerApp.swift; sourceTree = "<group>"; };
		DF5DCB59286F604C00D3D2E5 /* AppView.swift */ = {isa = PBXFileReference; lastKnownFileType = sourcecode.swift; path = AppView.swift; sourceTree = "<group>"; };
		DF5DCB5B286F604C00D3D2E5 /* Assets.xcassets */ = {isa = PBXFileReference; lastKnownFileType = folder.assetcatalog; path = Assets.xcassets; sourceTree = "<group>"; };
		DF5DCB5E286F604C00D3D2E5 /* Preview Assets.xcassets */ = {isa = PBXFileReference; lastKnownFileType = folder.assetcatalog; path = "Preview Assets.xcassets"; sourceTree = "<group>"; };
		DF5DCB64286F604C00D3D2E5 /* RunnerTests.xctest */ = {isa = PBXFileReference; explicitFileType = wrapper.cfbundle; includeInIndex = 0; path = RunnerTests.xctest; sourceTree = BUILT_PRODUCTS_DIR; };
		DF5DCB68286F604C00D3D2E5 /* RunnerTests.swift */ = {isa = PBXFileReference; lastKnownFileType = sourcecode.swift; path = RunnerTests.swift; sourceTree = "<group>"; };
		DF5DCB6E286F604C00D3D2E5 /* RunnerUITests.xctest */ = {isa = PBXFileReference; explicitFileType = wrapper.cfbundle; includeInIndex = 0; path = RunnerUITests.xctest; sourceTree = BUILT_PRODUCTS_DIR; };
		DF5DCB72286F604C00D3D2E5 /* RunnerUITests.swift */ = {isa = PBXFileReference; lastKnownFileType = sourcecode.swift; path = RunnerUITests.swift; sourceTree = "<group>"; };
		DF5DCB74286F604C00D3D2E5 /* RunnerUITestsLaunchTests.swift */ = {isa = PBXFileReference; lastKnownFileType = sourcecode.swift; path = RunnerUITestsLaunchTests.swift; sourceTree = "<group>"; };
		DF5DCB81286F610600D3D2E5 /* SignInView.swift */ = {isa = PBXFileReference; lastKnownFileType = sourcecode.swift; path = SignInView.swift; sourceTree = "<group>"; };
		DF5DCB90286F758300D3D2E5 /* RegisterView.swift */ = {isa = PBXFileReference; lastKnownFileType = sourcecode.swift; path = RegisterView.swift; sourceTree = "<group>"; };
		DF5DCB98286F7EC800D3D2E5 /* GoogleService-Info.plist */ = {isa = PBXFileReference; fileEncoding = 4; lastKnownFileType = text.plist.xml; name = "GoogleService-Info.plist"; path = "../../../Downloads/GoogleService-Info.plist"; sourceTree = "<group>"; };
		DF685789287257C600A83FCD /* TicketRowViewModel.swift */ = {isa = PBXFileReference; lastKnownFileType = sourcecode.swift; path = TicketRowViewModel.swift; sourceTree = "<group>"; };
		DFDCDAB128703C8000C31B6F /* TicketsViewModel.swift */ = {isa = PBXFileReference; lastKnownFileType = sourcecode.swift; path = TicketsViewModel.swift; sourceTree = "<group>"; };
		DFDCDAB328704ABA00C31B6F /* NewTicketView.swift */ = {isa = PBXFileReference; lastKnownFileType = sourcecode.swift; path = NewTicketView.swift; sourceTree = "<group>"; };
		DFDCDAB628704F3300C31B6F /* NewTicketViewModel.swift */ = {isa = PBXFileReference; lastKnownFileType = sourcecode.swift; path = NewTicketViewModel.swift; sourceTree = "<group>"; };
		DFDCDAB8287065DE00C31B6F /* SignInViewModel.swift */ = {isa = PBXFileReference; lastKnownFileType = sourcecode.swift; path = SignInViewModel.swift; sourceTree = "<group>"; };
		DFDCDABA2870694000C31B6F /* AppViewModel.swift */ = {isa = PBXFileReference; lastKnownFileType = sourcecode.swift; path = AppViewModel.swift; sourceTree = "<group>"; };
/* End PBXFileReference section */

/* Begin PBXFrameworksBuildPhase section */
		DF5DCB51286F604C00D3D2E5 /* Frameworks */ = {
			isa = PBXFrameworksBuildPhase;
			buildActionMask = 2147483647;
			files = (
				DF5DCB8D286F644A00D3D2E5 /* FirebaseAnalytics in Frameworks */,
				DF5DCB8F286F644A00D3D2E5 /* FirebaseAuth in Frameworks */,
				DF1E9685286FB0F00026DD51 /* FirebaseFirestore in Frameworks */,
				DF1E9687286FB0F00026DD51 /* FirebaseFirestoreSwift in Frameworks */,
			);
			runOnlyForDeploymentPostprocessing = 0;
		};
		DF5DCB61286F604C00D3D2E5 /* Frameworks */ = {
			isa = PBXFrameworksBuildPhase;
			buildActionMask = 2147483647;
			files = (
			);
			runOnlyForDeploymentPostprocessing = 0;
		};
		DF5DCB6B286F604C00D3D2E5 /* Frameworks */ = {
			isa = PBXFrameworksBuildPhase;
			buildActionMask = 2147483647;
			files = (
			);
			runOnlyForDeploymentPostprocessing = 0;
		};
/* End PBXFrameworksBuildPhase section */

/* Begin PBXGroup section */
		DF1E9698286FFDC60026DD51 /* FireBase */ = {
			isa = PBXGroup;
			children = (
				DF1E967F286FA53B0026DD51 /* FirestoreManager.swift */,
			);
			path = FireBase;
			sourceTree = "<group>";
		};
		DF5DCB4B286F604C00D3D2E5 = {
			isa = PBXGroup;
			children = (
				DF5DCB56286F604C00D3D2E5 /* Runner */,
				DF5DCB67286F604C00D3D2E5 /* RunnerTests */,
				DF5DCB71286F604C00D3D2E5 /* RunnerUITests */,
				DF5DCB55286F604C00D3D2E5 /* Products */,
			);
			sourceTree = "<group>";
		};
		DF5DCB55286F604C00D3D2E5 /* Products */ = {
			isa = PBXGroup;
			children = (
				DF5DCB54286F604C00D3D2E5 /* Runner.app */,
				DF5DCB64286F604C00D3D2E5 /* RunnerTests.xctest */,
				DF5DCB6E286F604C00D3D2E5 /* RunnerUITests.xctest */,
			);
			name = Products;
			sourceTree = "<group>";
		};
		DF5DCB56286F604C00D3D2E5 /* Runner */ = {
			isa = PBXGroup;
			children = (
				DF5DCB57286F604C00D3D2E5 /* RunnerApp.swift */,
				DF5DCB59286F604C00D3D2E5 /* AppView.swift */,
				DFDCDABA2870694000C31B6F /* AppViewModel.swift */,
				DF1E9698286FFDC60026DD51 /* FireBase */,
				DF1E9688286FC6B30026DD51 /* Ticket.swift */,
				DF68578B287258AD00A83FCD /* NewTicketView */,
				DFDCDAB528704DF900C31B6F /* TicketsView */,
				DF68578D287258DF00A83FCD /* TicketsRowView */,
				DF68578C287258C400A83FCD /* SignInView */,
				DF5DCB98286F7EC800D3D2E5 /* GoogleService-Info.plist */,
				DF5DCB5B286F604C00D3D2E5 /* Assets.xcassets */,
				DF5DCB5D286F604C00D3D2E5 /* Preview Content */,
			);
			path = Runner;
			sourceTree = "<group>";
		};
		DF5DCB5D286F604C00D3D2E5 /* Preview Content */ = {
			isa = PBXGroup;
			children = (
				DF5DCB5E286F604C00D3D2E5 /* Preview Assets.xcassets */,
			);
			path = "Preview Content";
			sourceTree = "<group>";
		};
		DF5DCB67286F604C00D3D2E5 /* RunnerTests */ = {
			isa = PBXGroup;
			children = (
				DF5DCB68286F604C00D3D2E5 /* RunnerTests.swift */,
			);
			path = RunnerTests;
			sourceTree = "<group>";
		};
		DF5DCB71286F604C00D3D2E5 /* RunnerUITests */ = {
			isa = PBXGroup;
			children = (
				DF5DCB72286F604C00D3D2E5 /* RunnerUITests.swift */,
				DF5DCB74286F604C00D3D2E5 /* RunnerUITestsLaunchTests.swift */,
			);
			path = RunnerUITests;
			sourceTree = "<group>";
		};
		DF68578B287258AD00A83FCD /* NewTicketView */ = {
			isa = PBXGroup;
			children = (
				DFDCDAB328704ABA00C31B6F /* NewTicketView.swift */,
				DFDCDAB628704F3300C31B6F /* NewTicketViewModel.swift */,
			);
			path = NewTicketView;
			sourceTree = "<group>";
		};
		DF68578C287258C400A83FCD /* SignInView */ = {
			isa = PBXGroup;
			children = (
				DF5DCB81286F610600D3D2E5 /* SignInView.swift */,
				DFDCDAB8287065DE00C31B6F /* SignInViewModel.swift */,
				DF5DCB90286F758300D3D2E5 /* RegisterView.swift */,
			);
			path = SignInView;
			sourceTree = "<group>";
		};
		DF68578D287258DF00A83FCD /* TicketsRowView */ = {
			isa = PBXGroup;
			children = (
				DF1E968C286FF2EB0026DD51 /* TicketRowView.swift */,
				DF685789287257C600A83FCD /* TicketRowViewModel.swift */,
			);
			path = TicketsRowView;
			sourceTree = "<group>";
		};
		DFDCDAB528704DF900C31B6F /* TicketsView */ = {
			isa = PBXGroup;
			children = (
				DFDCDAB128703C8000C31B6F /* TicketsViewModel.swift */,
				DF1E9694286FFDAA0026DD51 /* TicketsView.swift */,
			);
			path = TicketsView;
			sourceTree = "<group>";
		};
/* End PBXGroup section */

/* Begin PBXNativeTarget section */
		DF5DCB53286F604C00D3D2E5 /* Runner */ = {
			isa = PBXNativeTarget;
			buildConfigurationList = DF5DCB78286F604C00D3D2E5 /* Build configuration list for PBXNativeTarget "Runner" */;
			buildPhases = (
				DF5DCB50286F604C00D3D2E5 /* Sources */,
				DF5DCB51286F604C00D3D2E5 /* Frameworks */,
				DF5DCB52286F604C00D3D2E5 /* Resources */,
			);
			buildRules = (
			);
			dependencies = (
			);
			name = Runner;
			packageProductDependencies = (
				DF5DCB8C286F644A00D3D2E5 /* FirebaseAnalytics */,
				DF5DCB8E286F644A00D3D2E5 /* FirebaseAuth */,
				DF1E9684286FB0F00026DD51 /* FirebaseFirestore */,
				DF1E9686286FB0F00026DD51 /* FirebaseFirestoreSwift */,
			);
			productName = Runner;
			productReference = DF5DCB54286F604C00D3D2E5 /* Runner.app */;
			productType = "com.apple.product-type.application";
		};
		DF5DCB63286F604C00D3D2E5 /* RunnerTests */ = {
			isa = PBXNativeTarget;
			buildConfigurationList = DF5DCB7B286F604C00D3D2E5 /* Build configuration list for PBXNativeTarget "RunnerTests" */;
			buildPhases = (
				DF5DCB60286F604C00D3D2E5 /* Sources */,
				DF5DCB61286F604C00D3D2E5 /* Frameworks */,
				DF5DCB62286F604C00D3D2E5 /* Resources */,
			);
			buildRules = (
			);
			dependencies = (
				DF5DCB66286F604C00D3D2E5 /* PBXTargetDependency */,
			);
			name = RunnerTests;
			productName = RunnerTests;
			productReference = DF5DCB64286F604C00D3D2E5 /* RunnerTests.xctest */;
			productType = "com.apple.product-type.bundle.unit-test";
		};
		DF5DCB6D286F604C00D3D2E5 /* RunnerUITests */ = {
			isa = PBXNativeTarget;
			buildConfigurationList = DF5DCB7E286F604C00D3D2E5 /* Build configuration list for PBXNativeTarget "RunnerUITests" */;
			buildPhases = (
				DF5DCB6A286F604C00D3D2E5 /* Sources */,
				DF5DCB6B286F604C00D3D2E5 /* Frameworks */,
				DF5DCB6C286F604C00D3D2E5 /* Resources */,
			);
			buildRules = (
			);
			dependencies = (
				DF5DCB70286F604C00D3D2E5 /* PBXTargetDependency */,
			);
			name = RunnerUITests;
			productName = RunnerUITests;
			productReference = DF5DCB6E286F604C00D3D2E5 /* RunnerUITests.xctest */;
			productType = "com.apple.product-type.bundle.ui-testing";
		};
/* End PBXNativeTarget section */

/* Begin PBXProject section */
		DF5DCB4C286F604C00D3D2E5 /* Project object */ = {
			isa = PBXProject;
			attributes = {
				BuildIndependentTargetsInParallel = 1;
				LastSwiftUpdateCheck = 1340;
				LastUpgradeCheck = 1340;
				TargetAttributes = {
					DF5DCB53286F604C00D3D2E5 = {
						CreatedOnToolsVersion = 13.4.1;
					};
					DF5DCB63286F604C00D3D2E5 = {
						CreatedOnToolsVersion = 13.4.1;
						TestTargetID = DF5DCB53286F604C00D3D2E5;
					};
					DF5DCB6D286F604C00D3D2E5 = {
						CreatedOnToolsVersion = 13.4.1;
						TestTargetID = DF5DCB53286F604C00D3D2E5;
					};
				};
			};
			buildConfigurationList = DF5DCB4F286F604C00D3D2E5 /* Build configuration list for PBXProject "Runner" */;
			compatibilityVersion = "Xcode 13.0";
			developmentRegion = en;
			hasScannedForEncodings = 0;
			knownRegions = (
				en,
				Base,
			);
			mainGroup = DF5DCB4B286F604C00D3D2E5;
			packageReferences = (
				DF5DCB8B286F644A00D3D2E5 /* XCRemoteSwiftPackageReference "firebase-ios-sdk" */,
				DF1E9683286FB0F00026DD51 /* XCRemoteSwiftPackageReference "firebase-ios-sdk" */,
			);
			productRefGroup = DF5DCB55286F604C00D3D2E5 /* Products */;
			projectDirPath = "";
			projectRoot = "";
			targets = (
				DF5DCB53286F604C00D3D2E5 /* Runner */,
				DF5DCB63286F604C00D3D2E5 /* RunnerTests */,
				DF5DCB6D286F604C00D3D2E5 /* RunnerUITests */,
			);
		};
/* End PBXProject section */

/* Begin PBXResourcesBuildPhase section */
		DF5DCB52286F604C00D3D2E5 /* Resources */ = {
			isa = PBXResourcesBuildPhase;
			buildActionMask = 2147483647;
			files = (
				DF5DCB5F286F604C00D3D2E5 /* Preview Assets.xcassets in Resources */,
				DF5DCB99286F7EC800D3D2E5 /* GoogleService-Info.plist in Resources */,
				DF5DCB5C286F604C00D3D2E5 /* Assets.xcassets in Resources */,
			);
			runOnlyForDeploymentPostprocessing = 0;
		};
		DF5DCB62286F604C00D3D2E5 /* Resources */ = {
			isa = PBXResourcesBuildPhase;
			buildActionMask = 2147483647;
			files = (
				DF5DCB9A286F7EC800D3D2E5 /* GoogleService-Info.plist in Resources */,
			);
			runOnlyForDeploymentPostprocessing = 0;
		};
		DF5DCB6C286F604C00D3D2E5 /* Resources */ = {
			isa = PBXResourcesBuildPhase;
			buildActionMask = 2147483647;
			files = (
				DF5DCB9B286F7EC800D3D2E5 /* GoogleService-Info.plist in Resources */,
			);
			runOnlyForDeploymentPostprocessing = 0;
		};
/* End PBXResourcesBuildPhase section */

/* Begin PBXSourcesBuildPhase section */
		DF5DCB50286F604C00D3D2E5 /* Sources */ = {
			isa = PBXSourcesBuildPhase;
			buildActionMask = 2147483647;
			files = (
				DF5DCB82286F610600D3D2E5 /* SignInView.swift in Sources */,
				DF68578A287257C600A83FCD /* TicketRowViewModel.swift in Sources */,
				DF5DCB91286F758300D3D2E5 /* RegisterView.swift in Sources */,
				DFDCDABB2870694000C31B6F /* AppViewModel.swift in Sources */,
				DF5DCB5A286F604C00D3D2E5 /* AppView.swift in Sources */,
				DF1E9680286FA53B0026DD51 /* FirestoreManager.swift in Sources */,
				DFDCDAB9287065DE00C31B6F /* SignInViewModel.swift in Sources */,
				DF1E9695286FFDAA0026DD51 /* TicketsView.swift in Sources */,
				DFDCDAB728704F3300C31B6F /* NewTicketViewModel.swift in Sources */,
				DF5DCB58286F604C00D3D2E5 /* RunnerApp.swift in Sources */,
				DF1E968D286FF2EB0026DD51 /* TicketRowView.swift in Sources */,
				DFDCDAB428704ABA00C31B6F /* NewTicketView.swift in Sources */,
				DF1E9689286FC6B30026DD51 /* Ticket.swift in Sources */,
				DFDCDAB228703C8000C31B6F /* TicketsViewModel.swift in Sources */,
			);
			runOnlyForDeploymentPostprocessing = 0;
		};
		DF5DCB60286F604C00D3D2E5 /* Sources */ = {
			isa = PBXSourcesBuildPhase;
			buildActionMask = 2147483647;
			files = (
				DF5DCB69286F604C00D3D2E5 /* RunnerTests.swift in Sources */,
				DF5DCB92286F758300D3D2E5 /* RegisterView.swift in Sources */,
				DF1E968A286FC6B30026DD51 /* Ticket.swift in Sources */,
				DF1E9681286FA53B0026DD51 /* FirestoreManager.swift in Sources */,
				DF1E9696286FFDAA0026DD51 /* TicketsView.swift in Sources */,
				DF1E968E286FF2EB0026DD51 /* TicketRowView.swift in Sources */,
			);
			runOnlyForDeploymentPostprocessing = 0;
		};
		DF5DCB6A286F604C00D3D2E5 /* Sources */ = {
			isa = PBXSourcesBuildPhase;
			buildActionMask = 2147483647;
			files = (
				DF1E968F286FF2EB0026DD51 /* TicketRowView.swift in Sources */,
				DF5DCB93286F758300D3D2E5 /* RegisterView.swift in Sources */,
				DF1E9697286FFDAA0026DD51 /* TicketsView.swift in Sources */,
				DF1E968B286FC6B30026DD51 /* Ticket.swift in Sources */,
				DF1E9682286FA53B0026DD51 /* FirestoreManager.swift in Sources */,
				DF5DCB75286F604C00D3D2E5 /* RunnerUITestsLaunchTests.swift in Sources */,
				DF5DCB73286F604C00D3D2E5 /* RunnerUITests.swift in Sources */,
			);
			runOnlyForDeploymentPostprocessing = 0;
		};
/* End PBXSourcesBuildPhase section */

/* Begin PBXTargetDependency section */
		DF5DCB66286F604C00D3D2E5 /* PBXTargetDependency */ = {
			isa = PBXTargetDependency;
			target = DF5DCB53286F604C00D3D2E5 /* Runner */;
			targetProxy = DF5DCB65286F604C00D3D2E5 /* PBXContainerItemProxy */;
		};
		DF5DCB70286F604C00D3D2E5 /* PBXTargetDependency */ = {
			isa = PBXTargetDependency;
			target = DF5DCB53286F604C00D3D2E5 /* Runner */;
			targetProxy = DF5DCB6F286F604C00D3D2E5 /* PBXContainerItemProxy */;
		};
/* End PBXTargetDependency section */

/* Begin XCBuildConfiguration section */
		DF5DCB76286F604C00D3D2E5 /* Debug */ = {
			isa = XCBuildConfiguration;
			buildSettings = {
				ALWAYS_SEARCH_USER_PATHS = NO;
				CLANG_ANALYZER_NONNULL = YES;
				CLANG_ANALYZER_NUMBER_OBJECT_CONVERSION = YES_AGGRESSIVE;
				CLANG_CXX_LANGUAGE_STANDARD = "gnu++17";
				CLANG_ENABLE_MODULES = YES;
				CLANG_ENABLE_OBJC_ARC = YES;
				CLANG_ENABLE_OBJC_WEAK = YES;
				CLANG_WARN_BLOCK_CAPTURE_AUTORELEASING = YES;
				CLANG_WARN_BOOL_CONVERSION = YES;
				CLANG_WARN_COMMA = YES;
				CLANG_WARN_CONSTANT_CONVERSION = YES;
				CLANG_WARN_DEPRECATED_OBJC_IMPLEMENTATIONS = YES;
				CLANG_WARN_DIRECT_OBJC_ISA_USAGE = YES_ERROR;
				CLANG_WARN_DOCUMENTATION_COMMENTS = YES;
				CLANG_WARN_EMPTY_BODY = YES;
				CLANG_WARN_ENUM_CONVERSION = YES;
				CLANG_WARN_INFINITE_RECURSION = YES;
				CLANG_WARN_INT_CONVERSION = YES;
				CLANG_WARN_NON_LITERAL_NULL_CONVERSION = YES;
				CLANG_WARN_OBJC_IMPLICIT_RETAIN_SELF = YES;
				CLANG_WARN_OBJC_LITERAL_CONVERSION = YES;
				CLANG_WARN_OBJC_ROOT_CLASS = YES_ERROR;
				CLANG_WARN_QUOTED_INCLUDE_IN_FRAMEWORK_HEADER = YES;
				CLANG_WARN_RANGE_LOOP_ANALYSIS = YES;
				CLANG_WARN_STRICT_PROTOTYPES = YES;
				CLANG_WARN_SUSPICIOUS_MOVE = YES;
				CLANG_WARN_UNGUARDED_AVAILABILITY = YES_AGGRESSIVE;
				CLANG_WARN_UNREACHABLE_CODE = YES;
				CLANG_WARN__DUPLICATE_METHOD_MATCH = YES;
				COPY_PHASE_STRIP = NO;
				DEBUG_INFORMATION_FORMAT = dwarf;
				ENABLE_STRICT_OBJC_MSGSEND = YES;
				ENABLE_TESTABILITY = YES;
				GCC_C_LANGUAGE_STANDARD = gnu11;
				GCC_DYNAMIC_NO_PIC = NO;
				GCC_NO_COMMON_BLOCKS = YES;
				GCC_OPTIMIZATION_LEVEL = 0;
				GCC_PREPROCESSOR_DEFINITIONS = (
					"DEBUG=1",
					"$(inherited)",
				);
				GCC_WARN_64_TO_32_BIT_CONVERSION = YES;
				GCC_WARN_ABOUT_RETURN_TYPE = YES_ERROR;
				GCC_WARN_UNDECLARED_SELECTOR = YES;
				GCC_WARN_UNINITIALIZED_AUTOS = YES_AGGRESSIVE;
				GCC_WARN_UNUSED_FUNCTION = YES;
				GCC_WARN_UNUSED_VARIABLE = YES;
				IPHONEOS_DEPLOYMENT_TARGET = 15.5;
				MTL_ENABLE_DEBUG_INFO = INCLUDE_SOURCE;
				MTL_FAST_MATH = YES;
				ONLY_ACTIVE_ARCH = YES;
				SDKROOT = iphoneos;
				SWIFT_ACTIVE_COMPILATION_CONDITIONS = DEBUG;
				SWIFT_OPTIMIZATION_LEVEL = "-Onone";
			};
			name = Debug;
		};
		DF5DCB77286F604C00D3D2E5 /* Release */ = {
			isa = XCBuildConfiguration;
			buildSettings = {
				ALWAYS_SEARCH_USER_PATHS = NO;
				CLANG_ANALYZER_NONNULL = YES;
				CLANG_ANALYZER_NUMBER_OBJECT_CONVERSION = YES_AGGRESSIVE;
				CLANG_CXX_LANGUAGE_STANDARD = "gnu++17";
				CLANG_ENABLE_MODULES = YES;
				CLANG_ENABLE_OBJC_ARC = YES;
				CLANG_ENABLE_OBJC_WEAK = YES;
				CLANG_WARN_BLOCK_CAPTURE_AUTORELEASING = YES;
				CLANG_WARN_BOOL_CONVERSION = YES;
				CLANG_WARN_COMMA = YES;
				CLANG_WARN_CONSTANT_CONVERSION = YES;
				CLANG_WARN_DEPRECATED_OBJC_IMPLEMENTATIONS = YES;
				CLANG_WARN_DIRECT_OBJC_ISA_USAGE = YES_ERROR;
				CLANG_WARN_DOCUMENTATION_COMMENTS = YES;
				CLANG_WARN_EMPTY_BODY = YES;
				CLANG_WARN_ENUM_CONVERSION = YES;
				CLANG_WARN_INFINITE_RECURSION = YES;
				CLANG_WARN_INT_CONVERSION = YES;
				CLANG_WARN_NON_LITERAL_NULL_CONVERSION = YES;
				CLANG_WARN_OBJC_IMPLICIT_RETAIN_SELF = YES;
				CLANG_WARN_OBJC_LITERAL_CONVERSION = YES;
				CLANG_WARN_OBJC_ROOT_CLASS = YES_ERROR;
				CLANG_WARN_QUOTED_INCLUDE_IN_FRAMEWORK_HEADER = YES;
				CLANG_WARN_RANGE_LOOP_ANALYSIS = YES;
				CLANG_WARN_STRICT_PROTOTYPES = YES;
				CLANG_WARN_SUSPICIOUS_MOVE = YES;
				CLANG_WARN_UNGUARDED_AVAILABILITY = YES_AGGRESSIVE;
				CLANG_WARN_UNREACHABLE_CODE = YES;
				CLANG_WARN__DUPLICATE_METHOD_MATCH = YES;
				COPY_PHASE_STRIP = NO;
				DEBUG_INFORMATION_FORMAT = "dwarf-with-dsym";
				ENABLE_NS_ASSERTIONS = NO;
				ENABLE_STRICT_OBJC_MSGSEND = YES;
				GCC_C_LANGUAGE_STANDARD = gnu11;
				GCC_NO_COMMON_BLOCKS = YES;
				GCC_WARN_64_TO_32_BIT_CONVERSION = YES;
				GCC_WARN_ABOUT_RETURN_TYPE = YES_ERROR;
				GCC_WARN_UNDECLARED_SELECTOR = YES;
				GCC_WARN_UNINITIALIZED_AUTOS = YES_AGGRESSIVE;
				GCC_WARN_UNUSED_FUNCTION = YES;
				GCC_WARN_UNUSED_VARIABLE = YES;
				IPHONEOS_DEPLOYMENT_TARGET = 15.5;
				MTL_ENABLE_DEBUG_INFO = NO;
				MTL_FAST_MATH = YES;
				SDKROOT = iphoneos;
				SWIFT_COMPILATION_MODE = wholemodule;
				SWIFT_OPTIMIZATION_LEVEL = "-O";
				VALIDATE_PRODUCT = YES;
			};
			name = Release;
		};
		DF5DCB79286F604C00D3D2E5 /* Debug */ = {
			isa = XCBuildConfiguration;
			buildSettings = {
				ASSETCATALOG_COMPILER_APPICON_NAME = AppIcon;
				ASSETCATALOG_COMPILER_GLOBAL_ACCENT_COLOR_NAME = AccentColor;
				CODE_SIGN_STYLE = Automatic;
				CURRENT_PROJECT_VERSION = 1;
				DEVELOPMENT_ASSET_PATHS = "\"Runner/Preview Content\"";
				DEVELOPMENT_TEAM = V68B8RKG2N;
				ENABLE_PREVIEWS = YES;
				GENERATE_INFOPLIST_FILE = YES;
				INFOPLIST_KEY_UIApplicationSceneManifest_Generation = YES;
				INFOPLIST_KEY_UIApplicationSupportsIndirectInputEvents = YES;
				INFOPLIST_KEY_UILaunchScreen_Generation = YES;
				INFOPLIST_KEY_UISupportedInterfaceOrientations_iPad = "UIInterfaceOrientationPortrait UIInterfaceOrientationPortraitUpsideDown UIInterfaceOrientationLandscapeLeft UIInterfaceOrientationLandscapeRight";
				INFOPLIST_KEY_UISupportedInterfaceOrientations_iPhone = "UIInterfaceOrientationPortrait UIInterfaceOrientationLandscapeLeft UIInterfaceOrientationLandscapeRight";
				LD_RUNPATH_SEARCH_PATHS = (
					"$(inherited)",
					"@executable_path/Frameworks",
				);
				MARKETING_VERSION = 1.0;
				PRODUCT_BUNDLE_IDENTIFIER = colindavis.Runner;
				PRODUCT_NAME = "$(TARGET_NAME)";
				SWIFT_EMIT_LOC_STRINGS = YES;
				SWIFT_VERSION = 5.0;
				TARGETED_DEVICE_FAMILY = "1,2";
			};
			name = Debug;
		};
		DF5DCB7A286F604C00D3D2E5 /* Release */ = {
			isa = XCBuildConfiguration;
			buildSettings = {
				ASSETCATALOG_COMPILER_APPICON_NAME = AppIcon;
				ASSETCATALOG_COMPILER_GLOBAL_ACCENT_COLOR_NAME = AccentColor;
				CODE_SIGN_STYLE = Automatic;
				CURRENT_PROJECT_VERSION = 1;
				DEVELOPMENT_ASSET_PATHS = "\"Runner/Preview Content\"";
				DEVELOPMENT_TEAM = V68B8RKG2N;
				ENABLE_PREVIEWS = YES;
				GENERATE_INFOPLIST_FILE = YES;
				INFOPLIST_KEY_UIApplicationSceneManifest_Generation = YES;
				INFOPLIST_KEY_UIApplicationSupportsIndirectInputEvents = YES;
				INFOPLIST_KEY_UILaunchScreen_Generation = YES;
				INFOPLIST_KEY_UISupportedInterfaceOrientations_iPad = "UIInterfaceOrientationPortrait UIInterfaceOrientationPortraitUpsideDown UIInterfaceOrientationLandscapeLeft UIInterfaceOrientationLandscapeRight";
				INFOPLIST_KEY_UISupportedInterfaceOrientations_iPhone = "UIInterfaceOrientationPortrait UIInterfaceOrientationLandscapeLeft UIInterfaceOrientationLandscapeRight";
				LD_RUNPATH_SEARCH_PATHS = (
					"$(inherited)",
					"@executable_path/Frameworks",
				);
				MARKETING_VERSION = 1.0;
				PRODUCT_BUNDLE_IDENTIFIER = colindavis.Runner;
				PRODUCT_NAME = "$(TARGET_NAME)";
				SWIFT_EMIT_LOC_STRINGS = YES;
				SWIFT_VERSION = 5.0;
				TARGETED_DEVICE_FAMILY = "1,2";
			};
			name = Release;
		};
		DF5DCB7C286F604C00D3D2E5 /* Debug */ = {
			isa = XCBuildConfiguration;
			buildSettings = {
				ALWAYS_EMBED_SWIFT_STANDARD_LIBRARIES = YES;
				BUNDLE_LOADER = "$(TEST_HOST)";
				CODE_SIGN_STYLE = Automatic;
				CURRENT_PROJECT_VERSION = 1;
				DEVELOPMENT_TEAM = V68B8RKG2N;
				GENERATE_INFOPLIST_FILE = YES;
				IPHONEOS_DEPLOYMENT_TARGET = 15.5;
				MARKETING_VERSION = 1.0;
				PRODUCT_BUNDLE_IDENTIFIER = colindavis.RunnerTests;
				PRODUCT_NAME = "$(TARGET_NAME)";
				SWIFT_EMIT_LOC_STRINGS = NO;
				SWIFT_VERSION = 5.0;
				TARGETED_DEVICE_FAMILY = "1,2";
				TEST_HOST = "$(BUILT_PRODUCTS_DIR)/Runner.app/Runner";
			};
			name = Debug;
		};
		DF5DCB7D286F604C00D3D2E5 /* Release */ = {
			isa = XCBuildConfiguration;
			buildSettings = {
				ALWAYS_EMBED_SWIFT_STANDARD_LIBRARIES = YES;
				BUNDLE_LOADER = "$(TEST_HOST)";
				CODE_SIGN_STYLE = Automatic;
				CURRENT_PROJECT_VERSION = 1;
				DEVELOPMENT_TEAM = V68B8RKG2N;
				GENERATE_INFOPLIST_FILE = YES;
				IPHONEOS_DEPLOYMENT_TARGET = 15.5;
				MARKETING_VERSION = 1.0;
				PRODUCT_BUNDLE_IDENTIFIER = colindavis.RunnerTests;
				PRODUCT_NAME = "$(TARGET_NAME)";
				SWIFT_EMIT_LOC_STRINGS = NO;
				SWIFT_VERSION = 5.0;
				TARGETED_DEVICE_FAMILY = "1,2";
				TEST_HOST = "$(BUILT_PRODUCTS_DIR)/Runner.app/Runner";
			};
			name = Release;
		};
		DF5DCB7F286F604C00D3D2E5 /* Debug */ = {
			isa = XCBuildConfiguration;
			buildSettings = {
				ALWAYS_EMBED_SWIFT_STANDARD_LIBRARIES = YES;
				CODE_SIGN_STYLE = Automatic;
				CURRENT_PROJECT_VERSION = 1;
				DEVELOPMENT_TEAM = V68B8RKG2N;
				GENERATE_INFOPLIST_FILE = YES;
				MARKETING_VERSION = 1.0;
				PRODUCT_BUNDLE_IDENTIFIER = colindavis.RunnerUITests;
				PRODUCT_NAME = "$(TARGET_NAME)";
				SWIFT_EMIT_LOC_STRINGS = NO;
				SWIFT_VERSION = 5.0;
				TARGETED_DEVICE_FAMILY = "1,2";
				TEST_TARGET_NAME = Runner;
			};
			name = Debug;
		};
		DF5DCB80286F604C00D3D2E5 /* Release */ = {
			isa = XCBuildConfiguration;
			buildSettings = {
				ALWAYS_EMBED_SWIFT_STANDARD_LIBRARIES = YES;
				CODE_SIGN_STYLE = Automatic;
				CURRENT_PROJECT_VERSION = 1;
				DEVELOPMENT_TEAM = V68B8RKG2N;
				GENERATE_INFOPLIST_FILE = YES;
				MARKETING_VERSION = 1.0;
				PRODUCT_BUNDLE_IDENTIFIER = colindavis.RunnerUITests;
				PRODUCT_NAME = "$(TARGET_NAME)";
				SWIFT_EMIT_LOC_STRINGS = NO;
				SWIFT_VERSION = 5.0;
				TARGETED_DEVICE_FAMILY = "1,2";
				TEST_TARGET_NAME = Runner;
			};
			name = Release;
		};
/* End XCBuildConfiguration section */

/* Begin XCConfigurationList section */
		DF5DCB4F286F604C00D3D2E5 /* Build configuration list for PBXProject "Runner" */ = {
			isa = XCConfigurationList;
			buildConfigurations = (
				DF5DCB76286F604C00D3D2E5 /* Debug */,
				DF5DCB77286F604C00D3D2E5 /* Release */,
			);
			defaultConfigurationIsVisible = 0;
			defaultConfigurationName = Release;
		};
		DF5DCB78286F604C00D3D2E5 /* Build configuration list for PBXNativeTarget "Runner" */ = {
			isa = XCConfigurationList;
			buildConfigurations = (
				DF5DCB79286F604C00D3D2E5 /* Debug */,
				DF5DCB7A286F604C00D3D2E5 /* Release */,
			);
			defaultConfigurationIsVisible = 0;
			defaultConfigurationName = Release;
		};
		DF5DCB7B286F604C00D3D2E5 /* Build configuration list for PBXNativeTarget "RunnerTests" */ = {
			isa = XCConfigurationList;
			buildConfigurations = (
				DF5DCB7C286F604C00D3D2E5 /* Debug */,
				DF5DCB7D286F604C00D3D2E5 /* Release */,
			);
			defaultConfigurationIsVisible = 0;
			defaultConfigurationName = Release;
		};
		DF5DCB7E286F604C00D3D2E5 /* Build configuration list for PBXNativeTarget "RunnerUITests" */ = {
			isa = XCConfigurationList;
			buildConfigurations = (
				DF5DCB7F286F604C00D3D2E5 /* Debug */,
				DF5DCB80286F604C00D3D2E5 /* Release */,
			);
			defaultConfigurationIsVisible = 0;
			defaultConfigurationName = Release;
		};
/* End XCConfigurationList section */

/* Begin XCRemoteSwiftPackageReference section */
		DF1E9683286FB0F00026DD51 /* XCRemoteSwiftPackageReference "firebase-ios-sdk" */ = {
			isa = XCRemoteSwiftPackageReference;
			repositoryURL = "https://github.com/firebase/firebase-ios-sdk";
			requirement = {
				branch = master;
				kind = branch;
			};
		};
		DF5DCB8B286F644A00D3D2E5 /* XCRemoteSwiftPackageReference "firebase-ios-sdk" */ = {
			isa = XCRemoteSwiftPackageReference;
			repositoryURL = "https://github.com/firebase/firebase-ios-sdk";
			requirement = {
				branch = master;
				kind = branch;
			};
		};
/* End XCRemoteSwiftPackageReference section */

/* Begin XCSwiftPackageProductDependency section */
		DF1E9684286FB0F00026DD51 /* FirebaseFirestore */ = {
			isa = XCSwiftPackageProductDependency;
			package = DF5DCB8B286F644A00D3D2E5 /* XCRemoteSwiftPackageReference "firebase-ios-sdk" */;
			productName = FirebaseFirestore;
		};
		DF1E9686286FB0F00026DD51 /* FirebaseFirestoreSwift */ = {
			isa = XCSwiftPackageProductDependency;
			package = DF5DCB8B286F644A00D3D2E5 /* XCRemoteSwiftPackageReference "firebase-ios-sdk" */;
			productName = FirebaseFirestoreSwift;
		};
		DF5DCB8C286F644A00D3D2E5 /* FirebaseAnalytics */ = {
			isa = XCSwiftPackageProductDependency;
			package = DF5DCB8B286F644A00D3D2E5 /* XCRemoteSwiftPackageReference "firebase-ios-sdk" */;
			productName = FirebaseAnalytics;
		};
		DF5DCB8E286F644A00D3D2E5 /* FirebaseAuth */ = {
			isa = XCSwiftPackageProductDependency;
			package = DF5DCB8B286F644A00D3D2E5 /* XCRemoteSwiftPackageReference "firebase-ios-sdk" */;
			productName = FirebaseAuth;
		};
/* End XCSwiftPackageProductDependency section */
	};
	rootObject = DF5DCB4C286F604C00D3D2E5 /* Project object */;
}
